
Microsoft Visual Studio Solution File, Format Version 12.00
# Visual Studio Version 17
VisualStudioVersion = 17.8.34525.116
MinimumVisualStudioVersion = 10.0.40219.1
Project("{FAE04EC0-301F-11D3-BF4B-00C04F79EFBC}") = "Media.Client", "Media.Client\Media.Client.csproj", "{5252ED74-B86E-4163-8D99-8BE24F0D8814}"
EndProject
Project("{FAE04EC0-301F-11D3-BF4B-00C04F79EFBC}") = "DataLibrary", "DataLibrary\DataLibrary.csproj", "{BBC42475-DF7C-482F-B16B-451099980AB3}"
EndProject
Global
	GlobalSection(SolutionConfigurationPlatforms) = preSolution
		Debug|Any CPU = Debug|Any CPU
		Release|Any CPU = Release|Any CPU
	EndGlobalSection
	GlobalSection(ProjectConfigurationPlatforms) = postSolution
		{5252ED74-B86E-4163-8D99-8BE24F0D8814}.Debug|Any CPU.ActiveCfg = Debug|Any CPU
		{5252ED74-B86E-4163-8D99-8BE24F0D8814}.Debug|Any CPU.Build.0 = Debug|Any CPU
		{5252ED74-B86E-4163-8D99-8BE24F0D8814}.Release|Any CPU.ActiveCfg = Release|Any CPU
		{5252ED74-B86E-4163-8D99-8BE24F0D8814}.Release|Any CPU.Build.0 = Release|Any CPU
		{BBC42475-DF7C-482F-B16B-451099980AB3}.Debug|Any CPU.ActiveCfg = Debug|Any CPU
		{BBC42475-DF7C-482F-B16B-451099980AB3}.Debug|Any CPU.Build.0 = Debug|Any CPU
		{BBC42475-DF7C-482F-B16B-451099980AB3}.Release|Any CPU.ActiveCfg = Release|Any CPU
		{BBC42475-DF7C-482F-B16B-451099980AB3}.Release|Any CPU.Build.0 = Release|Any CPU
	EndGlobalSection
	GlobalSection(SolutionProperties) = preSolution
		HideSolutionNode = FALSE
	EndGlobalSection
	GlobalSection(ExtensibilityGlobals) = postSolution
		SolutionGuid = {522412ED-7C70-45BA-8B53-CF71F3F4A703}
	EndGlobalSection
EndGlobal
